<?xml version="1.0" encoding="utf-8"?>
<Project ToolsVersion="4.0" xmlns="http://schemas.microsoft.com/developer/msbuild/2003">
  <ItemGroup>
    <Filter Include="헤더 파일">
      <UniqueIdentifier>{93995380-89BD-4b04-88EB-625FBE52EBFB}</UniqueIdentifier>
      <Extensions>h;hh;hpp;hxx;h++;hm;inl;inc;ipp;xsd</Extensions>
    </Filter>
    <Filter Include="리소스 파일">
      <UniqueIdentifier>{67DA6AB6-F800-4c08-8B7A-83BB121AAD01}</UniqueIdentifier>
      <Extensions>rc;ico;cur;bmp;dlg;rc2;rct;bin;rgs;gif;jpg;jpeg;jpe;resx;tiff;tif;png;wav;mfcribbon-ms</Extensions>
    </Filter>
    <Filter Include="24_12">
      <UniqueIdentifier>{4FC737F1-C7A5-4376-A066-2A32D752A2FF}</UniqueIdentifier>
      <Extensions>cpp;c;cc;cxx;c++;cppm;ixx;def;odl;idl;hpj;bat;asm;asmx</Extensions>
    </Filter>
    <Filter Include="25_01">
      <UniqueIdentifier>{f750a634-4e02-47cf-b58d-c32a1f2640fb}</UniqueIdentifier>
    </Filter>
  </ItemGroup>
  <ItemGroup>
    <ClCompile Include="24_12_08_01.cpp">
      <Filter>24_12</Filter>
    </ClCompile>
    <ClCompile Include="24_12_08_02.cpp">
      <Filter>24_12</Filter>
    </ClCompile>
    <ClCompile Include="24_12_09_01.cpp">
      <Filter>24_12</Filter>
    </ClCompile>
    <ClCompile Include="24_12_09_02.cpp">
      <Filter>24_12</Filter>
    </ClCompile>
    <ClCompile Include="24_12_10_01.cpp">
      <Filter>24_12</Filter>
    </ClCompile>
    <ClCompile Include="24_12_10_02.cpp">
      <Filter>24_12</Filter>
    </ClCompile>
    <ClCompile Include="24_12_11_01.cpp">
      <Filter>24_12</Filter>
    </ClCompile>
    <ClCompile Include="24_12_11_02.cpp">
      <Filter>24_12</Filter>
    </ClCompile>
    <ClCompile Include="24_12_12_01.cpp">
      <Filter>24_12</Filter>
    </ClCompile>
    <ClCompile Include="24_12_12_02.cpp">
      <Filter>24_12</Filter>
    </ClCompile>
    <ClCompile Include="24_12_16_01.cpp">
      <Filter>24_12</Filter>
    </ClCompile>
    <ClCompile Include="24_12_16_02.cpp">
      <Filter>24_12</Filter>
    </ClCompile>
    <ClCompile Include="24_12_17_01.cpp">
      <Filter>24_12</Filter>
    </ClCompile>
    <ClCompile Include="24_12_17_02.cpp">
      <Filter>24_12</Filter>
    </ClCompile>
    <ClCompile Include="24_12_19_01.cpp">
      <Filter>24_12</Filter>
    </ClCompile>
    <ClCompile Include="24_12_19_02.cpp">
      <Filter>24_12</Filter>
    </ClCompile>
    <ClCompile Include="24_12_23_01.cpp">
      <Filter>24_12</Filter>
    </ClCompile>
    <ClCompile Include="24_12_23_02.cpp">
      <Filter>24_12</Filter>
    </ClCompile>
    <ClCompile Include="24_12_24_01.cpp">
      <Filter>24_12</Filter>
    </ClCompile>
    <ClCompile Include="24_12_24_02.cpp">
      <Filter>24_12</Filter>
    </ClCompile>
    <ClCompile Include="24_12_25_01.cpp">
      <Filter>24_12</Filter>
    </ClCompile>
    <ClCompile Include="24_12_26_01.cpp">
      <Filter>24_12</Filter>
    </ClCompile>
    <ClCompile Include="24_12_26_02.cpp">
      <Filter>24_12</Filter>
    </ClCompile>
    <ClCompile Include="24_12_27_01.cpp">
      <Filter>24_12</Filter>
    </ClCompile>
    <ClCompile Include="24_12_27_02.cpp">
      <Filter>24_12</Filter>
    </ClCompile>
    <ClCompile Include="test.cpp">
      <Filter>리소스 파일</Filter>
    </ClCompile>
    <ClCompile Include="24_12_28_01.cpp">
      <Filter>24_12</Filter>
    </ClCompile>
    <ClCompile Include="24_12_28_02.cpp">
      <Filter>24_12</Filter>
    </ClCompile>
    <ClCompile Include="24_12_29_01.cpp">
      <Filter>24_12</Filter>
    </ClCompile>
    <ClCompile Include="24_12_29_02.cpp">
      <Filter>24_12</Filter>
    </ClCompile>
    <ClCompile Include="24_12_30_01%28re%29.cpp">
      <Filter>24_12</Filter>
    </ClCompile>
    <ClCompile Include="24_12_30_01_exam.cpp">
      <Filter>24_12</Filter>
    </ClCompile>
    <ClCompile Include="24_12_30_02.cpp">
      <Filter>24_12</Filter>
    </ClCompile>
    <ClCompile Include="24_12_31_01.cpp">
      <Filter>24_12</Filter>
    </ClCompile>
    <ClCompile Include="24_12_31_02.cpp">
      <Filter>24_12</Filter>
    </ClCompile>
    <ClCompile Include="25_01_01_01.cpp">
      <Filter>25_01</Filter>
    </ClCompile>
    <ClCompile Include="25_01_01_02.cpp">
      <Filter>25_01</Filter>
    </ClCompile>
    <ClCompile Include="25_01_02_01.cpp">
      <Filter>25_01</Filter>
    </ClCompile>
    <ClCompile Include="25_01_02_02.cpp">
      <Filter>25_01</Filter>
    </ClCompile>
    <ClCompile Include="25_01_03_01.cpp">
      <Filter>25_01</Filter>
    </ClCompile>
    <ClCompile Include="25_01_09_01%28re%29.cpp">
      <Filter>25_01</Filter>
    </ClCompile>
    <ClCompile Include="25_01_10_01.cpp">
      <Filter>25_01</Filter>
    </ClCompile>
    <ClCompile Include="25_01_10_02.cpp">
      <Filter>25_01</Filter>
    </ClCompile>
  </ItemGroup>
</Project>